
Microsoft Visual Studio Solution File, Format Version 12.00
# Visual Studio Version 17
VisualStudioVersion = 17.3.32929.385
MinimumVisualStudioVersion = 10.0.40219.1
Project("{FAE04EC0-301F-11D3-BF4B-00C04F79EFBC}") = "RevitAPI_3_2_4", "R_3_2_4\RevitAPI_3_2_4.csproj", "{8B23FFE3-243E-45E5-BD23-945ADC2955D5}"
EndProject
Global
	GlobalSection(SolutionConfigurationPlatforms) = preSolution
		Debug|Any CPU = Debug|Any CPU
		Release|Any CPU = Release|Any CPU
	EndGlobalSection
	GlobalSection(ProjectConfigurationPlatforms) = postSolution
		{8B23FFE3-243E-45E5-BD23-945ADC2955D5}.Debug|Any CPU.ActiveCfg = Debug|Any CPU
		{8B23FFE3-243E-45E5-BD23-945ADC2955D5}.Debug|Any CPU.Build.0 = Debug|Any CPU
		{8B23FFE3-243E-45E5-BD23-945ADC2955D5}.Release|Any CPU.ActiveCfg = Release|Any CPU
		{8B23FFE3-243E-45E5-BD23-945ADC2955D5}.Release|Any CPU.Build.0 = Release|Any CPU
	EndGlobalSection
	GlobalSection(SolutionProperties) = preSolution
		HideSolutionNode = FALSE
	EndGlobalSection
	GlobalSection(ExtensibilityGlobals) = postSolution
		SolutionGuid = {2637DE03-37BE-46ED-B1DB-C3D3DF90A508}
	EndGlobalSection
EndGlobal
